
Microsoft Visual Studio Solution File, Format Version 12.00
# Visual Studio Version 17
VisualStudioVersion = 17.3.32901.215
MinimumVisualStudioVersion = 10.0.40219.1
Project("{FAE04EC0-301F-11D3-BF4B-00C04F79EFBC}") = "CSharp_Basics_HW", "CSharp_Basics_HW\CSharp_Basics_HW.csproj", "{F818BFFE-6C75-491D-8422-10FF3EFD86CC}"
EndProject
Global
	GlobalSection(SolutionConfigurationPlatforms) = preSolution
		Debug|Any CPU = Debug|Any CPU
		Release|Any CPU = Release|Any CPU
	EndGlobalSection
	GlobalSection(ProjectConfigurationPlatforms) = postSolution
		{F818BFFE-6C75-491D-8422-10FF3EFD86CC}.Debug|Any CPU.ActiveCfg = Debug|Any CPU
		{F818BFFE-6C75-491D-8422-10FF3EFD86CC}.Debug|Any CPU.Build.0 = Debug|Any CPU
		{F818BFFE-6C75-491D-8422-10FF3EFD86CC}.Release|Any CPU.ActiveCfg = Release|Any CPU
		{F818BFFE-6C75-491D-8422-10FF3EFD86CC}.Release|Any CPU.Build.0 = Release|Any CPU
	EndGlobalSection
	GlobalSection(SolutionProperties) = preSolution
		HideSolutionNode = FALSE
	EndGlobalSection
	GlobalSection(ExtensibilityGlobals) = postSolution
		SolutionGuid = {05F21E28-481A-4ABA-8DDF-1F999E7217DD}
	EndGlobalSection
EndGlobal
